
Microsoft Visual Studio Solution File, Format Version 12.00
# Visual Studio 15
VisualStudioVersion = 15.0.27130.2010
MinimumVisualStudioVersion = 10.0.40219.1
Project("{FAE04EC0-301F-11D3-BF4B-00C04F79EFBC}") = "Subsystem", "Subsystem\Subsystem.csproj", "{4A4A0500-7372-4497-981B-00E1FD8F83F8}"
EndProject
Global
	GlobalSection(SolutionConfigurationPlatforms) = preSolution
		Debug|Any CPU = Debug|Any CPU
		Release|Any CPU = Release|Any CPU
	EndGlobalSection
	GlobalSection(ProjectConfigurationPlatforms) = postSolution
		{4A4A0500-7372-4497-981B-00E1FD8F83F8}.Debug|Any CPU.ActiveCfg = Debug|Any CPU
		{4A4A0500-7372-4497-981B-00E1FD8F83F8}.Debug|Any CPU.Build.0 = Debug|Any CPU
		{4A4A0500-7372-4497-981B-00E1FD8F83F8}.Release|Any CPU.ActiveCfg = Release|Any CPU
		{4A4A0500-7372-4497-981B-00E1FD8F83F8}.Release|Any CPU.Build.0 = Release|Any CPU
	EndGlobalSection
	GlobalSection(SolutionProperties) = preSolution
		HideSolutionNode = FALSE
	EndGlobalSection
	GlobalSection(ExtensibilityGlobals) = postSolution
		SolutionGuid = {FB298686-837E-4981-901E-8A233E1187C4}
	EndGlobalSection
EndGlobal
